
Microsoft Visual Studio Solution File, Format Version 12.00
# Visual Studio Version 16
VisualStudioVersion = 16.0.30114.105
MinimumVisualStudioVersion = 10.0.40219.1
Project("{FAE04EC0-301F-11D3-BF4B-00C04F79EFBC}") = "BotMax", "BotMax.csproj", "{366CD283-65BD-4104-8DAF-D3B3580B2CE5}"
EndProject
Global
	GlobalSection(SolutionConfigurationPlatforms) = preSolution
		Debug|Any CPU = Debug|Any CPU
		Release|Any CPU = Release|Any CPU
	EndGlobalSection
	GlobalSection(ProjectConfigurationPlatforms) = postSolution
		{366CD283-65BD-4104-8DAF-D3B3580B2CE5}.Debug|Any CPU.ActiveCfg = Debug|Any CPU
		{366CD283-65BD-4104-8DAF-D3B3580B2CE5}.Debug|Any CPU.Build.0 = Debug|Any CPU
		{366CD283-65BD-4104-8DAF-D3B3580B2CE5}.Release|Any CPU.ActiveCfg = Release|Any CPU
		{366CD283-65BD-4104-8DAF-D3B3580B2CE5}.Release|Any CPU.Build.0 = Release|Any CPU
	EndGlobalSection
	GlobalSection(SolutionProperties) = preSolution
		HideSolutionNode = FALSE
	EndGlobalSection
	GlobalSection(ExtensibilityGlobals) = postSolution
		SolutionGuid = {1C3DD149-940E-4E03-8CB6-9030544810D7}
	EndGlobalSection
EndGlobal
